// !$*UTF8*$!
{
	archiveVersion = 1;
	classes = {
	};
	objectVersion = 77;
	objects = {

/* Begin PBXContainerItemProxy section */
		BF22235A2D2A4D2F00DD0DD0 /* PBXContainerItemProxy */ = {
			isa = PBXContainerItemProxy;
			containerPortal = BF2223412D2A4D2E00DD0DD0 /* Project object */;
			proxyType = 1;
			remoteGlobalIDString = BF2223482D2A4D2E00DD0DD0;
			remoteInfo = TruMatrix;
		};
		BF2223642D2A4D2F00DD0DD0 /* PBXContainerItemProxy */ = {
			isa = PBXContainerItemProxy;
			containerPortal = BF2223412D2A4D2E00DD0DD0 /* Project object */;
			proxyType = 1;
			remoteGlobalIDString = BF2223482D2A4D2E00DD0DD0;
			remoteInfo = TruMatrix;
		};
/* End PBXContainerItemProxy section */

/* Begin PBXFileReference section */
		BF2223492D2A4D2E00DD0DD0 /* TruMatrix.app */ = {isa = PBXFileReference; explicitFileType = wrapper.application; includeInIndex = 0; path = TruMatrix.app; sourceTree = BUILT_PRODUCTS_DIR; };
		BF2223592D2A4D2F00DD0DD0 /* TruMatrixTests.xctest */ = {isa = PBXFileReference; explicitFileType = wrapper.cfbundle; includeInIndex = 0; path = TruMatrixTests.xctest; sourceTree = BUILT_PRODUCTS_DIR; };
		BF2223632D2A4D2F00DD0DD0 /* TruMatrixUITests.xctest */ = {isa = PBXFileReference; explicitFileType = wrapper.cfbundle; includeInIndex = 0; path = TruMatrixUITests.xctest; sourceTree = BUILT_PRODUCTS_DIR; };
/* End PBXFileReference section */

/* Begin PBXFileSystemSynchronizedRootGroup section */
		BF22234B2D2A4D2E00DD0DD0 /* TruMatrix */ = {
			isa = PBXFileSystemSynchronizedRootGroup;
			path = TruMatrix;
			sourceTree = "<group>";
		};
		BF22235C2D2A4D2F00DD0DD0 /* TruMatrixTests */ = {
			isa = PBXFileSystemSynchronizedRootGroup;
			path = TruMatrixTests;
			sourceTree = "<group>";
		};
		BF2223662D2A4D2F00DD0DD0 /* TruMatrixUITests */ = {
			isa = PBXFileSystemSynchronizedRootGroup;
			path = TruMatrixUITests;
			sourceTree = "<group>";
		};
/* End PBXFileSystemSynchronizedRootGroup section */

/* Begin PBXFrameworksBuildPhase section */
		BF2223462D2A4D2E00DD0DD0 /* Frameworks */ = {
			isa = PBXFrameworksBuildPhase;
			buildActionMask = 2147483647;
			files = (
			);
			runOnlyForDeploymentPostprocessing = 0;
		};
		BF2223562D2A4D2F00DD0DD0 /* Frameworks */ = {
			isa = PBXFrameworksBuildPhase;
			buildActionMask = 2147483647;
			files = (
			);
			runOnlyForDeploymentPostprocessing = 0;
		};
		BF2223602D2A4D2F00DD0DD0 /* Frameworks */ = {
			isa = PBXFrameworksBuildPhase;
			buildActionMask = 2147483647;
			files = (
			);
			runOnlyForDeploymentPostprocessing = 0;
		};
/* End PBXFrameworksBuildPhase section */

/* Begin PBXGroup section */
		BF2223402D2A4D2E00DD0DD0 = {
			isa = PBXGroup;
			children = (
				BF22234B2D2A4D2E00DD0DD0 /* TruMatrix */,
				BF22235C2D2A4D2F00DD0DD0 /* TruMatrixTests */,
				BF2223662D2A4D2F00DD0DD0 /* TruMatrixUITests */,
				BF22234A2D2A4D2E00DD0DD0 /* Products */,
			);
			sourceTree = "<group>";
		};
		BF22234A2D2A4D2E00DD0DD0 /* Products */ = {
			isa = PBXGroup;
			children = (
				BF2223492D2A4D2E00DD0DD0 /* TruMatrix.app */,
				BF2223592D2A4D2F00DD0DD0 /* TruMatrixTests.xctest */,
				BF2223632D2A4D2F00DD0DD0 /* TruMatrixUITests.xctest */,
			);
			name = Products;
			sourceTree = "<group>";
		};
/* End PBXGroup section */

/* Begin PBXNativeTarget section */
		BF2223482D2A4D2E00DD0DD0 /* TruMatrix */ = {
			isa = PBXNativeTarget;
			buildConfigurationList = BF22236D2D2A4D2F00DD0DD0 /* Build configuration list for PBXNativeTarget "TruMatrix" */;
			buildPhases = (
				BF2223452D2A4D2E00DD0DD0 /* Sources */,
				BF2223462D2A4D2E00DD0DD0 /* Frameworks */,
				BF2223472D2A4D2E00DD0DD0 /* Resources */,
			);
			buildRules = (
			);
			dependencies = (
			);
			fileSystemSynchronizedGroups = (
				BF22234B2D2A4D2E00DD0DD0 /* TruMatrix */,
			);
			name = TruMatrix;
			packageProductDependencies = (
			);
			productName = TruMatrix;
			productReference = BF2223492D2A4D2E00DD0DD0 /* TruMatrix.app */;
			productType = "com.apple.product-type.application";
		};
		BF2223582D2A4D2F00DD0DD0 /* TruMatrixTests */ = {
			isa = PBXNativeTarget;
			buildConfigurationList = BF2223702D2A4D2F00DD0DD0 /* Build configuration list for PBXNativeTarget "TruMatrixTests" */;
			buildPhases = (
				BF2223552D2A4D2F00DD0DD0 /* Sources */,
				BF2223562D2A4D2F00DD0DD0 /* Frameworks */,
				BF2223572D2A4D2F00DD0DD0 /* Resources */,
			);
			buildRules = (
			);
			dependencies = (
				BF22235B2D2A4D2F00DD0DD0 /* PBXTargetDependency */,
			);
			fileSystemSynchronizedGroups = (
				BF22235C2D2A4D2F00DD0DD0 /* TruMatrixTests */,
			);
			name = TruMatrixTests;
			packageProductDependencies = (
			);
			productName = TruMatrixTests;
			productReference = BF2223592D2A4D2F00DD0DD0 /* TruMatrixTests.xctest */;
			productType = "com.apple.product-type.bundle.unit-test";
		};
		BF2223622D2A4D2F00DD0DD0 /* TruMatrixUITests */ = {
			isa = PBXNativeTarget;
			buildConfigurationList = BF2223732D2A4D2F00DD0DD0 /* Build configuration list for PBXNativeTarget "TruMatrixUITests" */;
			buildPhases = (
				BF22235F2D2A4D2F00DD0DD0 /* Sources */,
				BF2223602D2A4D2F00DD0DD0 /* Frameworks */,
				BF2223612D2A4D2F00DD0DD0 /* Resources */,
			);
			buildRules = (
			);
			dependencies = (
				BF2223652D2A4D2F00DD0DD0 /* PBXTargetDependency */,
			);
			fileSystemSynchronizedGroups = (
				BF2223662D2A4D2F00DD0DD0 /* TruMatrixUITests */,
			);
			name = TruMatrixUITests;
			packageProductDependencies = (
			);
			productName = TruMatrixUITests;
			productReference = BF2223632D2A4D2F00DD0DD0 /* TruMatrixUITests.xctest */;
			productType = "com.apple.product-type.bundle.ui-testing";
		};
/* End PBXNativeTarget section */

/* Begin PBXProject section */
		BF2223412D2A4D2E00DD0DD0 /* Project object */ = {
			isa = PBXProject;
			attributes = {
				BuildIndependentTargetsInParallel = 1;
				LastSwiftUpdateCheck = 1610;
				LastUpgradeCheck = 1610;
				TargetAttributes = {
					BF2223482D2A4D2E00DD0DD0 = {
						CreatedOnToolsVersion = 16.1;
					};
					BF2223582D2A4D2F00DD0DD0 = {
						CreatedOnToolsVersion = 16.1;
						TestTargetID = BF2223482D2A4D2E00DD0DD0;
					};
					BF2223622D2A4D2F00DD0DD0 = {
						CreatedOnToolsVersion = 16.1;
						TestTargetID = BF2223482D2A4D2E00DD0DD0;
					};
				};
			};
			buildConfigurationList = BF2223442D2A4D2E00DD0DD0 /* Build configuration list for PBXProject "TruMatrix" */;
			developmentRegion = en;
			hasScannedForEncodings = 0;
			knownRegions = (
				en,
				Base,
			);
			mainGroup = BF2223402D2A4D2E00DD0DD0;
			minimizedProjectReferenceProxies = 1;
			preferredProjectObjectVersion = 77;
			productRefGroup = BF22234A2D2A4D2E00DD0DD0 /* Products */;
			projectDirPath = "";
			projectRoot = "";
			targets = (
				BF2223482D2A4D2E00DD0DD0 /* TruMatrix */,
				BF2223582D2A4D2F00DD0DD0 /* TruMatrixTests */,
				BF2223622D2A4D2F00DD0DD0 /* TruMatrixUITests */,
			);
		};
/* End PBXProject section */

/* Begin PBXResourcesBuildPhase section */
		BF2223472D2A4D2E00DD0DD0 /* Resources */ = {
			isa = PBXResourcesBuildPhase;
			buildActionMask = 2147483647;
			files = (
			);
			runOnlyForDeploymentPostprocessing = 0;
		};
		BF2223572D2A4D2F00DD0DD0 /* Resources */ = {
			isa = PBXResourcesBuildPhase;
			buildActionMask = 2147483647;
			files = (
			);
			runOnlyForDeploymentPostprocessing = 0;
		};
		BF2223612D2A4D2F00DD0DD0 /* Resources */ = {
			isa = PBXResourcesBuildPhase;
			buildActionMask = 2147483647;
			files = (
			);
			runOnlyForDeploymentPostprocessing = 0;
		};
/* End PBXResourcesBuildPhase section */

/* Begin PBXSourcesBuildPhase section */
		BF2223452D2A4D2E00DD0DD0 /* Sources */ = {
			isa = PBXSourcesBuildPhase;
			buildActionMask = 2147483647;
			files = (
			);
			runOnlyForDeploymentPostprocessing = 0;
		};
		BF2223552D2A4D2F00DD0DD0 /* Sources */ = {
			isa = PBXSourcesBuildPhase;
			buildActionMask = 2147483647;
			files = (
			);
			runOnlyForDeploymentPostprocessing = 0;
		};
		BF22235F2D2A4D2F00DD0DD0 /* Sources */ = {
			isa = PBXSourcesBuildPhase;
			buildActionMask = 2147483647;
			files = (
			);
			runOnlyForDeploymentPostprocessing = 0;
		};
/* End PBXSourcesBuildPhase section */

/* Begin PBXTargetDependency section */
		BF22235B2D2A4D2F00DD0DD0 /* PBXTargetDependency */ = {
			isa = PBXTargetDependency;
			target = BF2223482D2A4D2E00DD0DD0 /* TruMatrix */;
			targetProxy = BF22235A2D2A4D2F00DD0DD0 /* PBXContainerItemProxy */;
		};
		BF2223652D2A4D2F00DD0DD0 /* PBXTargetDependency */ = {
			isa = PBXTargetDependency;
			target = BF2223482D2A4D2E00DD0DD0 /* TruMatrix */;
			targetProxy = BF2223642D2A4D2F00DD0DD0 /* PBXContainerItemProxy */;
		};
/* End PBXTargetDependency section */

/* Begin XCBuildConfiguration section */
		BF22236B2D2A4D2F00DD0DD0 /* Debug */ = {
			isa = XCBuildConfiguration;
			buildSettings = {
				ALWAYS_SEARCH_USER_PATHS = NO;
				ASSETCATALOG_COMPILER_GENERATE_SWIFT_ASSET_SYMBOL_EXTENSIONS = YES;
				CLANG_ANALYZER_NONNULL = YES;
				CLANG_ANALYZER_NUMBER_OBJECT_CONVERSION = YES_AGGRESSIVE;
				CLANG_CXX_LANGUAGE_STANDARD = "gnu++20";
				CLANG_ENABLE_MODULES = YES;
				CLANG_ENABLE_OBJC_ARC = YES;
				CLANG_ENABLE_OBJC_WEAK = YES;
				CLANG_WARN_BLOCK_CAPTURE_AUTORELEASING = YES;
				CLANG_WARN_BOOL_CONVERSION = YES;
				CLANG_WARN_COMMA = YES;
				CLANG_WARN_CONSTANT_CONVERSION = YES;
				CLANG_WARN_DEPRECATED_OBJC_IMPLEMENTATIONS = YES;
				CLANG_WARN_DIRECT_OBJC_ISA_USAGE = YES_ERROR;
				CLANG_WARN_DOCUMENTATION_COMMENTS = YES;
				CLANG_WARN_EMPTY_BODY = YES;
				CLANG_WARN_ENUM_CONVERSION = YES;
				CLANG_WARN_INFINITE_RECURSION = YES;
				CLANG_WARN_INT_CONVERSION = YES;
				CLANG_WARN_NON_LITERAL_NULL_CONVERSION = YES;
				CLANG_WARN_OBJC_IMPLICIT_RETAIN_SELF = YES;
				CLANG_WARN_OBJC_LITERAL_CONVERSION = YES;
				CLANG_WARN_OBJC_ROOT_CLASS = YES_ERROR;
				CLANG_WARN_QUOTED_INCLUDE_IN_FRAMEWORK_HEADER = YES;
				CLANG_WARN_RANGE_LOOP_ANALYSIS = YES;
				CLANG_WARN_STRICT_PROTOTYPES = YES;
				CLANG_WARN_SUSPICIOUS_MOVE = YES;
				CLANG_WARN_UNGUARDED_AVAILABILITY = YES_AGGRESSIVE;
				CLANG_WARN_UNREACHABLE_CODE = YES;
				CLANG_WARN__DUPLICATE_METHOD_MATCH = YES;
				COPY_PHASE_STRIP = NO;
				DEBUG_INFORMATION_FORMAT = dwarf;
				ENABLE_STRICT_OBJC_MSGSEND = YES;
				ENABLE_TESTABILITY = YES;
				ENABLE_USER_SCRIPT_SANDBOXING = YES;
				GCC_C_LANGUAGE_STANDARD = gnu17;
				GCC_DYNAMIC_NO_PIC = NO;
				GCC_NO_COMMON_BLOCKS = YES;
				GCC_OPTIMIZATION_LEVEL = 0;
				GCC_PREPROCESSOR_DEFINITIONS = (
					"DEBUG=1",
					"$(inherited)",
				);
				GCC_WARN_64_TO_32_BIT_CONVERSION = YES;
				GCC_WARN_ABOUT_RETURN_TYPE = YES_ERROR;
				GCC_WARN_UNDECLARED_SELECTOR = YES;
				GCC_WARN_UNINITIALIZED_AUTOS = YES_AGGRESSIVE;
				GCC_WARN_UNUSED_FUNCTION = YES;
				GCC_WARN_UNUSED_VARIABLE = YES;
				IPHONEOS_DEPLOYMENT_TARGET = 18.1;
				LOCALIZATION_PREFERS_STRING_CATALOGS = YES;
				MTL_ENABLE_DEBUG_INFO = INCLUDE_SOURCE;
				MTL_FAST_MATH = YES;
				ONLY_ACTIVE_ARCH = YES;
				SDKROOT = iphoneos;
				SWIFT_ACTIVE_COMPILATION_CONDITIONS = "DEBUG $(inherited)";
				SWIFT_OPTIMIZATION_LEVEL = "-Onone";
			};
			name = Debug;
		};
		BF22236C2D2A4D2F00DD0DD0 /* Release */ = {
			isa = XCBuildConfiguration;
			buildSettings = {
				ALWAYS_SEARCH_USER_PATHS = NO;
				ASSETCATALOG_COMPILER_GENERATE_SWIFT_ASSET_SYMBOL_EXTENSIONS = YES;
				CLANG_ANALYZER_NONNULL = YES;
				CLANG_ANALYZER_NUMBER_OBJECT_CONVERSION = YES_AGGRESSIVE;
				CLANG_CXX_LANGUAGE_STANDARD = "gnu++20";
				CLANG_ENABLE_MODULES = YES;
				CLANG_ENABLE_OBJC_ARC = YES;
				CLANG_ENABLE_OBJC_WEAK = YES;
				CLANG_WARN_BLOCK_CAPTURE_AUTORELEASING = YES;
				CLANG_WARN_BOOL_CONVERSION = YES;
				CLANG_WARN_COMMA = YES;
				CLANG_WARN_CONSTANT_CONVERSION = YES;
				CLANG_WARN_DEPRECATED_OBJC_IMPLEMENTATIONS = YES;
				CLANG_WARN_DIRECT_OBJC_ISA_USAGE = YES_ERROR;
				CLANG_WARN_DOCUMENTATION_COMMENTS = YES;
				CLANG_WARN_EMPTY_BODY = YES;
				CLANG_WARN_ENUM_CONVERSION = YES;
				CLANG_WARN_INFINITE_RECURSION = YES;
				CLANG_WARN_INT_CONVERSION = YES;
				CLANG_WARN_NON_LITERAL_NULL_CONVERSION = YES;
				CLANG_WARN_OBJC_IMPLICIT_RETAIN_SELF = YES;
				CLANG_WARN_OBJC_LITERAL_CONVERSION = YES;
				CLANG_WARN_OBJC_ROOT_CLASS = YES_ERROR;
				CLANG_WARN_QUOTED_INCLUDE_IN_FRAMEWORK_HEADER = YES;
				CLANG_WARN_RANGE_LOOP_ANALYSIS = YES;
				CLANG_WARN_STRICT_PROTOTYPES = YES;
				CLANG_WARN_SUSPICIOUS_MOVE = YES;
				CLANG_WARN_UNGUARDED_AVAILABILITY = YES_AGGRESSIVE;
				CLANG_WARN_UNREACHABLE_CODE = YES;
				CLANG_WARN__DUPLICATE_METHOD_MATCH = YES;
				COPY_PHASE_STRIP = NO;
				DEBUG_INFORMATION_FORMAT = "dwarf-with-dsym";
				ENABLE_NS_ASSERTIONS = NO;
				ENABLE_STRICT_OBJC_MSGSEND = YES;
				ENABLE_USER_SCRIPT_SANDBOXING = YES;
				GCC_C_LANGUAGE_STANDARD = gnu17;
				GCC_NO_COMMON_BLOCKS = YES;
				GCC_WARN_64_TO_32_BIT_CONVERSION = YES;
				GCC_WARN_ABOUT_RETURN_TYPE = YES_ERROR;
				GCC_WARN_UNDECLARED_SELECTOR = YES;
				GCC_WARN_UNINITIALIZED_AUTOS = YES_AGGRESSIVE;
				GCC_WARN_UNUSED_FUNCTION = YES;
				GCC_WARN_UNUSED_VARIABLE = YES;
				IPHONEOS_DEPLOYMENT_TARGET = 18.1;
				LOCALIZATION_PREFERS_STRING_CATALOGS = YES;
				MTL_ENABLE_DEBUG_INFO = NO;
				MTL_FAST_MATH = YES;
				SDKROOT = iphoneos;
				SWIFT_COMPILATION_MODE = wholemodule;
				VALIDATE_PRODUCT = YES;
			};
			name = Release;
		};
		BF22236E2D2A4D2F00DD0DD0 /* Debug */ = {
			isa = XCBuildConfiguration;
			buildSettings = {
				ASSETCATALOG_COMPILER_APPICON_NAME = AppIcon;
				ASSETCATALOG_COMPILER_GLOBAL_ACCENT_COLOR_NAME = AccentColor;
				CODE_SIGN_STYLE = Automatic;
				CURRENT_PROJECT_VERSION = 1;
				DEVELOPMENT_ASSET_PATHS = "\"TruMatrix/Preview Content\"";
				ENABLE_PREVIEWS = YES;
				GENERATE_INFOPLIST_FILE = YES;
				INFOPLIST_KEY_UIApplicationSceneManifest_Generation = YES;
				INFOPLIST_KEY_UIApplicationSupportsIndirectInputEvents = YES;
				INFOPLIST_KEY_UILaunchScreen_Generation = YES;
				INFOPLIST_KEY_UISupportedInterfaceOrientations_iPad = "UIInterfaceOrientationPortrait UIInterfaceOrientationPortraitUpsideDown UIInterfaceOrientationLandscapeLeft UIInterfaceOrientationLandscapeRight";
				INFOPLIST_KEY_UISupportedInterfaceOrientations_iPhone = "UIInterfaceOrientationPortrait UIInterfaceOrientationLandscapeLeft UIInterfaceOrientationLandscapeRight";
				LD_RUNPATH_SEARCH_PATHS = (
					"$(inherited)",
					"@executable_path/Frameworks",
				);
				MARKETING_VERSION = 1.0;
				PRODUCT_BUNDLE_IDENTIFIER = com.cse.ntou.TruMatrix;
				PRODUCT_NAME = "$(TARGET_NAME)";
				SWIFT_EMIT_LOC_STRINGS = YES;
				SWIFT_VERSION = 5.0;
				TARGETED_DEVICE_FAMILY = "1,2";
			};
			name = Debug;
		};
		BF22236F2D2A4D2F00DD0DD0 /* Release */ = {
			isa = XCBuildConfiguration;
			buildSettings = {
				ASSETCATALOG_COMPILER_APPICON_NAME = AppIcon;
				ASSETCATALOG_COMPILER_GLOBAL_ACCENT_COLOR_NAME = AccentColor;
				CODE_SIGN_STYLE = Automatic;
				CURRENT_PROJECT_VERSION = 1;
				DEVELOPMENT_ASSET_PATHS = "\"TruMatrix/Preview Content\"";
				ENABLE_PREVIEWS = YES;
				GENERATE_INFOPLIST_FILE = YES;
				INFOPLIST_KEY_UIApplicationSceneManifest_Generation = YES;
				INFOPLIST_KEY_UIApplicationSupportsIndirectInputEvents = YES;
				INFOPLIST_KEY_UILaunchScreen_Generation = YES;
				INFOPLIST_KEY_UISupportedInterfaceOrientations_iPad = "UIInterfaceOrientationPortrait UIInterfaceOrientationPortraitUpsideDown UIInterfaceOrientationLandscapeLeft UIInterfaceOrientationLandscapeRight";
				INFOPLIST_KEY_UISupportedInterfaceOrientations_iPhone = "UIInterfaceOrientationPortrait UIInterfaceOrientationLandscapeLeft UIInterfaceOrientationLandscapeRight";
				LD_RUNPATH_SEARCH_PATHS = (
					"$(inherited)",
					"@executable_path/Frameworks",
				);
				MARKETING_VERSION = 1.0;
				PRODUCT_BUNDLE_IDENTIFIER = com.cse.ntou.TruMatrix;
				PRODUCT_NAME = "$(TARGET_NAME)";
				SWIFT_EMIT_LOC_STRINGS = YES;
				SWIFT_VERSION = 5.0;
				TARGETED_DEVICE_FAMILY = "1,2";
			};
			name = Release;
		};
		BF2223712D2A4D2F00DD0DD0 /* Debug */ = {
			isa = XCBuildConfiguration;
			buildSettings = {
				BUNDLE_LOADER = "$(TEST_HOST)";
				CODE_SIGN_STYLE = Automatic;
				CURRENT_PROJECT_VERSION = 1;
				GENERATE_INFOPLIST_FILE = YES;
				IPHONEOS_DEPLOYMENT_TARGET = 18.1;
				MARKETING_VERSION = 1.0;
				PRODUCT_BUNDLE_IDENTIFIER = com.cse.ntou.TruMatrixTests;
				PRODUCT_NAME = "$(TARGET_NAME)";
				SWIFT_EMIT_LOC_STRINGS = NO;
				SWIFT_VERSION = 5.0;
				TARGETED_DEVICE_FAMILY = "1,2";
				TEST_HOST = "$(BUILT_PRODUCTS_DIR)/TruMatrix.app/$(BUNDLE_EXECUTABLE_FOLDER_PATH)/TruMatrix";
			};
			name = Debug;
		};
		BF2223722D2A4D2F00DD0DD0 /* Release */ = {
			isa = XCBuildConfiguration;
			buildSettings = {
				BUNDLE_LOADER = "$(TEST_HOST)";
				CODE_SIGN_STYLE = Automatic;
				CURRENT_PROJECT_VERSION = 1;
				GENERATE_INFOPLIST_FILE = YES;
				IPHONEOS_DEPLOYMENT_TARGET = 18.1;
				MARKETING_VERSION = 1.0;
				PRODUCT_BUNDLE_IDENTIFIER = com.cse.ntou.TruMatrixTests;
				PRODUCT_NAME = "$(TARGET_NAME)";
				SWIFT_EMIT_LOC_STRINGS = NO;
				SWIFT_VERSION = 5.0;
				TARGETED_DEVICE_FAMILY = "1,2";
				TEST_HOST = "$(BUILT_PRODUCTS_DIR)/TruMatrix.app/$(BUNDLE_EXECUTABLE_FOLDER_PATH)/TruMatrix";
			};
			name = Release;
		};
		BF2223742D2A4D2F00DD0DD0 /* Debug */ = {
			isa = XCBuildConfiguration;
			buildSettings = {
				CODE_SIGN_STYLE = Automatic;
				CURRENT_PROJECT_VERSION = 1;
				GENERATE_INFOPLIST_FILE = YES;
				MARKETING_VERSION = 1.0;
				PRODUCT_BUNDLE_IDENTIFIER = com.cse.ntou.TruMatrixUITests;
				PRODUCT_NAME = "$(TARGET_NAME)";
				SWIFT_EMIT_LOC_STRINGS = NO;
				SWIFT_VERSION = 5.0;
				TARGETED_DEVICE_FAMILY = "1,2";
				TEST_TARGET_NAME = TruMatrix;
			};
			name = Debug;
		};
		BF2223752D2A4D2F00DD0DD0 /* Release */ = {
			isa = XCBuildConfiguration;
			buildSettings = {
				CODE_SIGN_STYLE = Automatic;
				CURRENT_PROJECT_VERSION = 1;
				GENERATE_INFOPLIST_FILE = YES;
				MARKETING_VERSION = 1.0;
				PRODUCT_BUNDLE_IDENTIFIER = com.cse.ntou.TruMatrixUITests;
				PRODUCT_NAME = "$(TARGET_NAME)";
				SWIFT_EMIT_LOC_STRINGS = NO;
				SWIFT_VERSION = 5.0;
				TARGETED_DEVICE_FAMILY = "1,2";
				TEST_TARGET_NAME = TruMatrix;
			};
			name = Release;
		};
/* End XCBuildConfiguration section */

/* Begin XCConfigurationList section */
		BF2223442D2A4D2E00DD0DD0 /* Build configuration list for PBXProject "TruMatrix" */ = {
			isa = XCConfigurationList;
			buildConfigurations = (
				BF22236B2D2A4D2F00DD0DD0 /* Debug */,
				BF22236C2D2A4D2F00DD0DD0 /* Release */,
			);
			defaultConfigurationIsVisible = 0;
			defaultConfigurationName = Release;
		};
		BF22236D2D2A4D2F00DD0DD0 /* Build configuration list for PBXNativeTarget "TruMatrix" */ = {
			isa = XCConfigurationList;
			buildConfigurations = (
				BF22236E2D2A4D2F00DD0DD0 /* Debug */,
				BF22236F2D2A4D2F00DD0DD0 /* Release */,
			);
			defaultConfigurationIsVisible = 0;
			defaultConfigurationName = Release;
		};
		BF2223702D2A4D2F00DD0DD0 /* Build configuration list for PBXNativeTarget "TruMatrixTests" */ = {
			isa = XCConfigurationList;
			buildConfigurations = (
				BF2223712D2A4D2F00DD0DD0 /* Debug */,
				BF2223722D2A4D2F00DD0DD0 /* Release */,
			);
			defaultConfigurationIsVisible = 0;
			defaultConfigurationName = Release;
		};
		BF2223732D2A4D2F00DD0DD0 /* Build configuration list for PBXNativeTarget "TruMatrixUITests" */ = {
			isa = XCConfigurationList;
			buildConfigurations = (
				BF2223742D2A4D2F00DD0DD0 /* Debug */,
				BF2223752D2A4D2F00DD0DD0 /* Release */,
			);
			defaultConfigurationIsVisible = 0;
			defaultConfigurationName = Release;
		};
/* End XCConfigurationList section */
	};
	rootObject = BF2223412D2A4D2E00DD0DD0 /* Project object */;
}
